
Microsoft Visual Studio Solution File, Format Version 12.00
# Visual Studio Version 17
VisualStudioVersion = 17.4.33205.214
MinimumVisualStudioVersion = 10.0.40219.1
Project("{FAE04EC0-301F-11D3-BF4B-00C04F79EFBC}") = "Kupri4.ShapesAreaCalculator", "Kupri4.ShapesAreaCalculator\Kupri4.ShapesAreaCalculator.csproj", "{A712122D-4DC1-4310-ACE2-B6BCB01EEF17}"
EndProject
Project("{FAE04EC0-301F-11D3-BF4B-00C04F79EFBC}") = "Kupri4.ShapesAreaCalculator.Tests", "Kupri4.ShapesAreaCalculator.Tests\Kupri4.ShapesAreaCalculator.Tests.csproj", "{4BA049FA-64E5-4785-BFD4-7E7B0B847D91}"
EndProject
Global
	GlobalSection(SolutionConfigurationPlatforms) = preSolution
		Debug|Any CPU = Debug|Any CPU
		Release|Any CPU = Release|Any CPU
	EndGlobalSection
	GlobalSection(ProjectConfigurationPlatforms) = postSolution
		{A712122D-4DC1-4310-ACE2-B6BCB01EEF17}.Debug|Any CPU.ActiveCfg = Debug|Any CPU
		{A712122D-4DC1-4310-ACE2-B6BCB01EEF17}.Debug|Any CPU.Build.0 = Debug|Any CPU
		{A712122D-4DC1-4310-ACE2-B6BCB01EEF17}.Release|Any CPU.ActiveCfg = Release|Any CPU
		{A712122D-4DC1-4310-ACE2-B6BCB01EEF17}.Release|Any CPU.Build.0 = Release|Any CPU
		{4BA049FA-64E5-4785-BFD4-7E7B0B847D91}.Debug|Any CPU.ActiveCfg = Debug|Any CPU
		{4BA049FA-64E5-4785-BFD4-7E7B0B847D91}.Debug|Any CPU.Build.0 = Debug|Any CPU
		{4BA049FA-64E5-4785-BFD4-7E7B0B847D91}.Release|Any CPU.ActiveCfg = Release|Any CPU
		{4BA049FA-64E5-4785-BFD4-7E7B0B847D91}.Release|Any CPU.Build.0 = Release|Any CPU
	EndGlobalSection
	GlobalSection(SolutionProperties) = preSolution
		HideSolutionNode = FALSE
	EndGlobalSection
	GlobalSection(ExtensibilityGlobals) = postSolution
		SolutionGuid = {5BBEAD5D-4EB0-4C21-9893-C1D55D75415B}
	EndGlobalSection
EndGlobal
